github.com/Horikitasaku/hugo-eureka v0.0.3 h1:LvTHII33uwc0hXItYhKiRLX/j8/5hWJZ6KEQpiVIAn4=
github.com/Horikitasaku/hugo-eureka v0.0.3/go.mod h1:wn9aoBvHJWB61b07f8DHgwQ9TQSN3h9+NBUzOTb6Bmo=
github.com/Horikitasaku/hugo-eureka v0.0.4 h1:gi+U01pKK9kWf4ofthkXixRQtEtHz6+yZ1RZ48HKfcM=
github.com/Horikitasaku/hugo-eureka v0.0.4/go.mod h1:wn9aoBvHJWB61b07f8DHgwQ9TQSN3h9+NBUzOTb6Bmo=
github.com/Horikitasaku/hugo-eureka v0.0.5 h1:o966NNgsUBVp6qNGyxuphweWTdYJGggusbOOEudGi5U=
github.com/Horikitasaku/hugo-eureka v0.0.5/go.mod h1:wn9aoBvHJWB61b07f8DHgwQ9TQSN3h9+NBUzOTb6Bmo=
github.com/Horikitasaku/hugo-eureka v0.0.6 h1:1y+NzUHVOZUADzZknidP3ik7qVmT4+7SVFeD1KzhIvE=
github.com/Horikitasaku/hugo-eureka v0.0.6/go.mod h1:wn9aoBvHJWB61b07f8DHgwQ9TQSN3h9+NBUzOTb6Bmo=
github.com/Horikitasaku/hugo-eureka v0.0.7 h1:gjnmIYBVt9ngMAoMxHJD/7PmsM5hrUb0NBentBLvoPA=
github.com/Horikitasaku/hugo-eureka v0.0.7/go.mod h1:wn9aoBvHJWB61b07f8DHgwQ9TQSN3h9+NBUzOTb6Bmo=
github.com/Horikitasaku/hugo-eureka v0.0.8 h1:XXLGTr9N6Ka0D7UtEhyOnKe00efKLAuZv5ZYyleHR7k=
github.com/Horikitasaku/hugo-eureka v0.0.8/go.mod h1:wn9aoBvHJWB61b07f8DHgwQ9TQSN3h9+NBUzOTb6Bmo=
github.com/Horikitasaku/hugo-eureka v0.0.9 h1:Lp/4ocGcVa81m1FVxmpS4YW3qGqQARESsNVN3d1Zaw4=
github.com/Horikitasaku/hugo-eureka v0.0.9/go.mod h1:wn9aoBvHJWB61b07f8DHgwQ9TQSN3h9+NBUzOTb6Bmo=
github.com/Horikitasaku/hugo-eureka v0.1.0 h1:ojPVYB9BsTiuhDw/xQ3nawqpP+Sa9PbgX2m0Xv8Vuq0=
github.com/Horikitasaku/hugo-eureka v0.1.0/go.mod h1:wn9aoBvHJWB61b07f8DHgwQ9TQSN3h9+NBUzOTb6Bmo=
github.com/Horikitasaku/hugo-eureka v0.1.1 h1:Fv5cS3xfFbaZh5KsRW9neVdLVMfpTvpXgPYQHBWgJak=
github.com/Horikitasaku/hugo-eureka v0.1.1/go.mod h1:wn9aoBvHJWB61b07f8DHgwQ9TQSN3h9+NBUzOTb6Bmo=
github.com/Horikitasaku/hugo-eureka v0.1.2 h1:8W7u1V3vGz3Zdbmt8p0F90omJPCj+IbE4Mutcf+fLrw=
github.com/Horikitasaku/hugo-eureka v0.1.2/go.mod h1:wn9aoBvHJWB61b07f8DHgwQ9TQSN3h9+NBUzOTb6Bmo=
github.com/Horikitasaku/hugo-eureka v0.1.3 h1:M46P6jclOx1ib7u72wnS00OCyeBRCGr4W6Pk2CUMZwI=
github.com/Horikitasaku/hugo-eureka v0.1.3/go.mod h1:wn9aoBvHJWB61b07f8DHgwQ9TQSN3h9+NBUzOTb6Bmo=
github.com/Horikitasaku/hugo-eureka v0.1.4 h1:1gZUTsub/R7bzFu/J+d+bSAWMY3KQeiW5IX06Jhr4nI=
github.com/Horikitasaku/hugo-eureka v0.1.4/go.mod h1:wn9aoBvHJWB61b07f8DHgwQ9TQSN3h9+NBUzOTb6Bmo=
github.com/Horikitasaku/hugo-eureka v0.1.5 h1:6T+GejtF6UveXa33UI7epIflyapOlhRtcU6ff3ohrN8=
github.com/Horikitasaku/hugo-eureka v0.1.5/go.mod h1:wn9aoBvHJWB61b07f8DHgwQ9TQSN3h9+NBUzOTb6Bmo=
github.com/Horikitasaku/hugo-eureka v0.1.6 h1:v3LW0enYJRKkaEhhiLXpNbL23nE0MbOogpDlRsDB8zk=
github.com/Horikitasaku/hugo-eureka v0.1.6/go.mod h1:wn9aoBvHJWB61b07f8DHgwQ9TQSN3h9+NBUzOTb6Bmo=
github.com/Horikitasaku/hugo-eureka v0.1.7 h1:bXV2geFocIMAag8GbHvkFFK++Z9GeU27e7uhdrt5FRk=
github.com/Horikitasaku/hugo-eureka v0.1.7/go.mod h1:wn9aoBvHJWB61b07f8DHgwQ9TQSN3h9+NBUzOTb6Bmo=
