github.com/Horikitasaku/hugo-eureka v0.0.3 h1:LvTHII33uwc0hXItYhKiRLX/j8/5hWJZ6KEQpiVIAn4=
github.com/Horikitasaku/hugo-eureka v0.0.3/go.mod h1:wn9aoBvHJWB61b07f8DHgwQ9TQSN3h9+NBUzOTb6Bmo=
github.com/Horikitasaku/hugo-eureka v0.0.4 h1:gi+U01pKK9kWf4ofthkXixRQtEtHz6+yZ1RZ48HKfcM=
github.com/Horikitasaku/hugo-eureka v0.0.4/go.mod h1:wn9aoBvHJWB61b07f8DHgwQ9TQSN3h9+NBUzOTb6Bmo=
github.com/Horikitasaku/hugo-eureka v0.0.5 h1:o966NNgsUBVp6qNGyxuphweWTdYJGggusbOOEudGi5U=
github.com/Horikitasaku/hugo-eureka v0.0.5/go.mod h1:wn9aoBvHJWB61b07f8DHgwQ9TQSN3h9+NBUzOTb6Bmo=
github.com/Horikitasaku/hugo-eureka v0.0.6 h1:1y+NzUHVOZUADzZknidP3ik7qVmT4+7SVFeD1KzhIvE=
github.com/Horikitasaku/hugo-eureka v0.0.6/go.mod h1:wn9aoBvHJWB61b07f8DHgwQ9TQSN3h9+NBUzOTb6Bmo=
