github.com/Horikitasaku/hugo-eureka v0.4.12 h1:2VC/wJRJfZD/iMGaJn+cCw33DE17fXTPdFj3N+S1kdc=
github.com/Horikitasaku/hugo-eureka v0.4.12/go.mod h1:i3878s9FMuCoN+RY3hFIp+lfS111W2Y/m1zTZZ+Grfs=
github.com/Horikitasaku/hugo-eureka v0.4.13 h1:QcNW8MdUX7YFine1YXnHT7P/nGJgveer1A8jwmZ8dPs=
github.com/Horikitasaku/hugo-eureka v0.4.13/go.mod h1:i3878s9FMuCoN+RY3hFIp+lfS111W2Y/m1zTZZ+Grfs=
github.com/Horikitasaku/hugo-eureka v0.4.14 h1:q2MM87JmbWGo+Qxf6uaBx6jft9zCPrLCvF76X3zjQHo=
github.com/Horikitasaku/hugo-eureka v0.4.14/go.mod h1:i3878s9FMuCoN+RY3hFIp+lfS111W2Y/m1zTZZ+Grfs=
